Microsoft Visual Studio Solution File, Format Version 9.00
# Visual Studio 2005
Project("{FAE04EC0-301F-11D3-BF4B-00C04F79EFBC}") = "Cuyahoga.Web", "Web\Cuyahoga.Web.csproj", "{DD158F08-6E8F-4234-B3F6-A5402C8E34CC}"
EndProject
Project("{FAE04EC0-301F-11D3-BF4B-00C04F79EFBC}") = "Cuyahoga.Core", "Core\Cuyahoga.Core.csproj", "{723B7D30-6472-4B96-8D09-4F094C96650E}"
EndProject
Project("{FAE04EC0-301F-11D3-BF4B-00C04F79EFBC}") = "Cuyahoga.Modules", "Modules\Cuyahoga.Modules.csproj", "{7069F87A-95E1-4E61-B5FD-E0892E6F821F}"
EndProject
Project("{FAE04EC0-301F-11D3-BF4B-00C04F79EFBC}") = "Cuyahoga.ServerControls", "ServerControls\Cuyahoga.ServerControls.csproj", "{C64DAA00-AAB1-4AC7-ADE2-119B53B9666A}"
EndProject
Project("{FAE04EC0-301F-11D3-BF4B-00C04F79EFBC}") = "Cuyahoga.Tests", "Tests\Cuyahoga.Tests.csproj", "{E737CCAD-734D-4E61-8576-A42E4E803FA2}"
EndProject
Project("{FAE04EC0-301F-11D3-BF4B-00C04F79EFBC}") = "Cuyahoga.Modules.Downloads", "Downloads\Cuyahoga.Modules.Downloads.csproj", "{A613CF88-E66F-492B-9FD3-259BA3BD7310}"
EndProject
Project("{2150E333-8FDC-42A3-9474-1A3956D46DE8}") = "Solution Items", "Solution Items", "{B64CE28C-13A9-4445-8699-F38B3AA0D928}"
	ProjectSection(SolutionItems) = preProject
		Cuyahoga.build = Cuyahoga.build
		Install-binary.txt = Install-binary.txt
		Install.txt = Install.txt
		LICENSE.txt = LICENSE.txt
		Releasenotes.txt = Releasenotes.txt
		Upgrade.txt = Upgrade.txt
	EndProjectSection
EndProject
Global
	GlobalSection(SolutionConfigurationPlatforms) = preSolution
		Debug|Any CPU = Debug|Any CPU
		Release|Any CPU = Release|Any CPU
	EndGlobalSection
	GlobalSection(ProjectConfigurationPlatforms) = postSolution
		{DD158F08-6E8F-4234-B3F6-A5402C8E34CC}.Debug|Any CPU.ActiveCfg = Debug|Any CPU
		{DD158F08-6E8F-4234-B3F6-A5402C8E34CC}.Debug|Any CPU.Build.0 = Debug|Any CPU
		{DD158F08-6E8F-4234-B3F6-A5402C8E34CC}.Release|Any CPU.ActiveCfg = Release|Any CPU
		{DD158F08-6E8F-4234-B3F6-A5402C8E34CC}.Release|Any CPU.Build.0 = Release|Any CPU
		{723B7D30-6472-4B96-8D09-4F094C96650E}.Debug|Any CPU.ActiveCfg = Debug|Any CPU
		{723B7D30-6472-4B96-8D09-4F094C96650E}.Debug|Any CPU.Build.0 = Debug|Any CPU
		{723B7D30-6472-4B96-8D09-4F094C96650E}.Release|Any CPU.ActiveCfg = Release|Any CPU
		{723B7D30-6472-4B96-8D09-4F094C96650E}.Release|Any CPU.Build.0 = Release|Any CPU
		{7069F87A-95E1-4E61-B5FD-E0892E6F821F}.Debug|Any CPU.ActiveCfg = Debug|Any CPU
		{7069F87A-95E1-4E61-B5FD-E0892E6F821F}.Debug|Any CPU.Build.0 = Debug|Any CPU
		{7069F87A-95E1-4E61-B5FD-E0892E6F821F}.Release|Any CPU.ActiveCfg = Release|Any CPU
		{7069F87A-95E1-4E61-B5FD-E0892E6F821F}.Release|Any CPU.Build.0 = Release|Any CPU
		{C64DAA00-AAB1-4AC7-ADE2-119B53B9666A}.Debug|Any CPU.ActiveCfg = Debug|Any CPU
		{C64DAA00-AAB1-4AC7-ADE2-119B53B9666A}.Debug|Any CPU.Build.0 = Debug|Any CPU
		{C64DAA00-AAB1-4AC7-ADE2-119B53B9666A}.Release|Any CPU.ActiveCfg = Release|Any CPU
		{C64DAA00-AAB1-4AC7-ADE2-119B53B9666A}.Release|Any CPU.Build.0 = Release|Any CPU
		{E737CCAD-734D-4E61-8576-A42E4E803FA2}.Debug|Any CPU.ActiveCfg = Debug|Any CPU
		{E737CCAD-734D-4E61-8576-A42E4E803FA2}.Debug|Any CPU.Build.0 = Debug|Any CPU
		{E737CCAD-734D-4E61-8576-A42E4E803FA2}.Release|Any CPU.ActiveCfg = Release|Any CPU
		{E737CCAD-734D-4E61-8576-A42E4E803FA2}.Release|Any CPU.Build.0 = Release|Any CPU
		{A613CF88-E66F-492B-9FD3-259BA3BD7310}.Debug|Any CPU.ActiveCfg = Debug|Any CPU
		{A613CF88-E66F-492B-9FD3-259BA3BD7310}.Debug|Any CPU.Build.0 = Debug|Any CPU
		{A613CF88-E66F-492B-9FD3-259BA3BD7310}.Release|Any CPU.ActiveCfg = Release|Any CPU
		{A613CF88-E66F-492B-9FD3-259BA3BD7310}.Release|Any CPU.Build.0 = Release|Any CPU
	EndGlobalSection
	GlobalSection(SolutionProperties) = preSolution
		HideSolutionNode = FALSE
	EndGlobalSection
EndGlobal
