Microsoft Visual Studio Solution File, Format Version 9.00
# Visual Studio 2005
Project("{FAE04EC0-301F-11D3-BF4B-00C04F79EFBC}") = "Cuyahoga.Web", "Web\Cuyahoga.Web.csproj", "{DD158F08-6E8F-4234-B3F6-A5402C8E34CC}"
	ProjectSection(WebsiteProperties) = preProject
		Debug.AspNetCompiler.Debug = "True"
		Release.AspNetCompiler.Debug = "False"
	EndProjectSection
EndProject
Project("{FAE04EC0-301F-11D3-BF4B-00C04F79EFBC}") = "Cuyahoga.Core", "Core\Cuyahoga.Core.csproj", "{723B7D30-6472-4B96-8D09-4F094C96650E}"
	ProjectSection(WebsiteProperties) = preProject
		Debug.AspNetCompiler.Debug = "True"
		Release.AspNetCompiler.Debug = "False"
	EndProjectSection
EndProject
Project("{FAE04EC0-301F-11D3-BF4B-00C04F79EFBC}") = "Cuyahoga.Modules", "Modules\Cuyahoga.Modules.csproj", "{7069F87A-95E1-4E61-B5FD-E0892E6F821F}"
	ProjectSection(WebsiteProperties) = preProject
		Debug.AspNetCompiler.Debug = "True"
		Release.AspNetCompiler.Debug = "False"
	EndProjectSection
EndProject
Project("{FAE04EC0-301F-11D3-BF4B-00C04F79EFBC}") = "Cuyahoga.ServerControls", "ServerControls\Cuyahoga.ServerControls.csproj", "{C64DAA00-AAB1-4AC7-ADE2-119B53B9666A}"
	ProjectSection(WebsiteProperties) = preProject
		Debug.AspNetCompiler.Debug = "True"
		Release.AspNetCompiler.Debug = "False"
	EndProjectSection
EndProject
Project("{FAE04EC0-301F-11D3-BF4B-00C04F79EFBC}") = "Cuyahoga.Tests", "Tests\Cuyahoga.Tests.csproj", "{E737CCAD-734D-4E61-8576-A42E4E803FA2}"
	ProjectSection(WebsiteProperties) = preProject
		Debug.AspNetCompiler.Debug = "True"
		Release.AspNetCompiler.Debug = "False"
	EndProjectSection
EndProject
Project("{FAE04EC0-301F-11D3-BF4B-00C04F79EFBC}") = "Cuyahoga.Modules.Downloads", "Cuyahoga.Modules.Downloads\Cuyahoga.Modules.Downloads.csproj", "{A613CF88-E66F-492B-9FD3-259BA3BD7310}"
	ProjectSection(WebsiteProperties) = preProject
		Debug.AspNetCompiler.Debug = "True"
		Release.AspNetCompiler.Debug = "False"
	EndProjectSection
EndProject
Project("{2150E333-8FDC-42A3-9474-1A3956D46DE8}") = "Solution Items", "Solution Items", "{B64CE28C-13A9-4445-8699-F38B3AA0D928}"
	ProjectSection(WebsiteProperties) = preProject
		Debug.AspNetCompiler.Debug = "True"
		Release.AspNetCompiler.Debug = "False"
	EndProjectSection
	ProjectSection(SolutionItems) = preProject
		Install-binary.txt = Install-binary.txt
		Install.txt = Install.txt
		LICENSE.txt = LICENSE.txt
		Releasenotes.txt = Releasenotes.txt
		Upgrade.txt = Upgrade.txt
	EndProjectSection
EndProject
Project("{2150E333-8FDC-42A3-9474-1A3956D46DE8}") = "NAnt build files", "NAnt build files", "{B72EB6E1-28A4-49CD-98A8-367C2984FC5F}"
	ProjectSection(WebsiteProperties) = preProject
		Debug.AspNetCompiler.Debug = "True"
		Release.AspNetCompiler.Debug = "False"
	EndProjectSection
	ProjectSection(SolutionItems) = preProject
		common-project.xml = common-project.xml
		common.xml = common.xml
		Cuyahoga.build = Cuyahoga.build
	EndProjectSection
EndProject
Project("{FAE04EC0-301F-11D3-BF4B-00C04F79EFBC}") = "Cuyahoga.Modules.Articles", "Cuyahoga.Modules.Articles\Cuyahoga.Modules.Articles.csproj", "{9DCEC808-4FB7-47B1-ACAC-2016762BEE37}"
	ProjectSection(WebsiteProperties) = preProject
		Debug.AspNetCompiler.Debug = "True"
		Release.AspNetCompiler.Debug = "False"
	EndProjectSection
EndProject
Project("{FAE04EC0-301F-11D3-BF4B-00C04F79EFBC}") = "Cuyahoga.Modules.RemoteContent", "Cuyahoga.Modules.RemoteContent\Cuyahoga.Modules.RemoteContent.csproj", "{6F05541C-E08B-4806-8F3C-E06958CF3CCB}"
	ProjectSection(WebsiteProperties) = preProject
		Debug.AspNetCompiler.Debug = "True"
		Release.AspNetCompiler.Debug = "False"
	EndProjectSection
EndProject
Global
	GlobalSection(SolutionConfigurationPlatforms) = preSolution
		Core|Any CPU = Core|Any CPU
		Debug|Any CPU = Debug|Any CPU
		Release|Any CPU = Release|Any CPU
	EndGlobalSection
	GlobalSection(ProjectConfigurationPlatforms) = postSolution
		{DD158F08-6E8F-4234-B3F6-A5402C8E34CC}.Core|Any CPU.ActiveCfg = Core|Any CPU
		{DD158F08-6E8F-4234-B3F6-A5402C8E34CC}.Core|Any CPU.Build.0 = Core|Any CPU
		{DD158F08-6E8F-4234-B3F6-A5402C8E34CC}.Debug|Any CPU.ActiveCfg = Debug|Any CPU
		{DD158F08-6E8F-4234-B3F6-A5402C8E34CC}.Debug|Any CPU.Build.0 = Debug|Any CPU
		{DD158F08-6E8F-4234-B3F6-A5402C8E34CC}.Release|Any CPU.ActiveCfg = Release|Any CPU
		{DD158F08-6E8F-4234-B3F6-A5402C8E34CC}.Release|Any CPU.Build.0 = Release|Any CPU
		{723B7D30-6472-4B96-8D09-4F094C96650E}.Core|Any CPU.ActiveCfg = Core|Any CPU
		{723B7D30-6472-4B96-8D09-4F094C96650E}.Core|Any CPU.Build.0 = Core|Any CPU
		{723B7D30-6472-4B96-8D09-4F094C96650E}.Debug|Any CPU.ActiveCfg = Debug|Any CPU
		{723B7D30-6472-4B96-8D09-4F094C96650E}.Debug|Any CPU.Build.0 = Debug|Any CPU
		{723B7D30-6472-4B96-8D09-4F094C96650E}.Release|Any CPU.ActiveCfg = Release|Any CPU
		{723B7D30-6472-4B96-8D09-4F094C96650E}.Release|Any CPU.Build.0 = Release|Any CPU
		{7069F87A-95E1-4E61-B5FD-E0892E6F821F}.Core|Any CPU.ActiveCfg = Core|Any CPU
		{7069F87A-95E1-4E61-B5FD-E0892E6F821F}.Debug|Any CPU.ActiveCfg = Debug|Any CPU
		{7069F87A-95E1-4E61-B5FD-E0892E6F821F}.Release|Any CPU.ActiveCfg = Release|Any CPU
		{7069F87A-95E1-4E61-B5FD-E0892E6F821F}.Release|Any CPU.Build.0 = Release|Any CPU
		{C64DAA00-AAB1-4AC7-ADE2-119B53B9666A}.Core|Any CPU.ActiveCfg = Core|Any CPU
		{C64DAA00-AAB1-4AC7-ADE2-119B53B9666A}.Core|Any CPU.Build.0 = Core|Any CPU
		{C64DAA00-AAB1-4AC7-ADE2-119B53B9666A}.Debug|Any CPU.ActiveCfg = Debug|Any CPU
		{C64DAA00-AAB1-4AC7-ADE2-119B53B9666A}.Debug|Any CPU.Build.0 = Debug|Any CPU
		{C64DAA00-AAB1-4AC7-ADE2-119B53B9666A}.Release|Any CPU.ActiveCfg = Release|Any CPU
		{C64DAA00-AAB1-4AC7-ADE2-119B53B9666A}.Release|Any CPU.Build.0 = Release|Any CPU
		{E737CCAD-734D-4E61-8576-A42E4E803FA2}.Core|Any CPU.ActiveCfg = Core|Any CPU
		{E737CCAD-734D-4E61-8576-A42E4E803FA2}.Core|Any CPU.Build.0 = Core|Any CPU
		{E737CCAD-734D-4E61-8576-A42E4E803FA2}.Debug|Any CPU.ActiveCfg = Debug|Any CPU
		{E737CCAD-734D-4E61-8576-A42E4E803FA2}.Debug|Any CPU.Build.0 = Debug|Any CPU
		{E737CCAD-734D-4E61-8576-A42E4E803FA2}.Release|Any CPU.ActiveCfg = Release|Any CPU
		{E737CCAD-734D-4E61-8576-A42E4E803FA2}.Release|Any CPU.Build.0 = Release|Any CPU
		{A613CF88-E66F-492B-9FD3-259BA3BD7310}.Core|Any CPU.ActiveCfg = Core|Any CPU
		{A613CF88-E66F-492B-9FD3-259BA3BD7310}.Debug|Any CPU.ActiveCfg = Debug|Any CPU
		{A613CF88-E66F-492B-9FD3-259BA3BD7310}.Release|Any CPU.ActiveCfg = Release|Any CPU
		{A613CF88-E66F-492B-9FD3-259BA3BD7310}.Release|Any CPU.Build.0 = Release|Any CPU
		{9DCEC808-4FB7-47B1-ACAC-2016762BEE37}.Core|Any CPU.ActiveCfg = Core|Any CPU
		{9DCEC808-4FB7-47B1-ACAC-2016762BEE37}.Debug|Any CPU.ActiveCfg = Debug|Any CPU
		{9DCEC808-4FB7-47B1-ACAC-2016762BEE37}.Release|Any CPU.ActiveCfg = Release|Any CPU
		{9DCEC808-4FB7-47B1-ACAC-2016762BEE37}.Release|Any CPU.Build.0 = Release|Any CPU
		{6F05541C-E08B-4806-8F3C-E06958CF3CCB}.Core|Any CPU.ActiveCfg = Core|Any CPU
		{6F05541C-E08B-4806-8F3C-E06958CF3CCB}.Debug|Any CPU.ActiveCfg = Debug|Any CPU
		{6F05541C-E08B-4806-8F3C-E06958CF3CCB}.Release|Any CPU.ActiveCfg = Release|Any CPU
		{6F05541C-E08B-4806-8F3C-E06958CF3CCB}.Release|Any CPU.Build.0 = Release|Any CPU
	EndGlobalSection
	GlobalSection(SolutionProperties) = preSolution
		HideSolutionNode = FALSE
	EndGlobalSection
EndGlobal
